// !$*UTF8*$!
{
	archiveVersion = 1;
	classes = {
	};
	objectVersion = 77;
	objects = {

/* Begin PBXBuildFile section */
		2181271BAFC16D9EA4EEB26F /* ShakeDetector.swift in Sources */ = {isa = PBXBuildFile; fileRef = D122D4B3DB99ACD2A0EAB3E7 /* ShakeDetector.swift */; };
		3D62F2F65F71E38FAAF22D45 /* FolderBookmarkStore.swift in Sources */ = {isa = PBXBuildFile; fileRef = 587C7DCB791D94804EA8E753 /* FolderBookmarkStore.swift */; };
		3D99C7CB712C55AC39B0A6CD /* KeyboardShortcutNames.swift in Sources */ = {isa = PBXBuildFile; fileRef = 5C43643D0D2D156EFDDE6808 /* KeyboardShortcutNames.swift */; };
		3FBD74030017DAF23086F0A5 /* AppSettings.swift in Sources */ = {isa = PBXBuildFile; fileRef = 93236182EE82152F26D6A646 /* AppSettings.swift */; };
		4178A03FE0566562722ED8DF /* ShelfDropView.swift in Sources */ = {isa = PBXBuildFile; fileRef = F60C94C7AFA978E8C515594E /* ShelfDropView.swift */; };
		47B6B61BA7B8F30ABFAC3C3E /* ShelfViewModel.swift in Sources */ = {isa = PBXBuildFile; fileRef = 235512566F31B0C278F0426F /* ShelfViewModel.swift */; };
		5FDC4EEA7E5CF48CE7C1970D /* PrivacyInfo.xcprivacy in Resources */ = {isa = PBXBuildFile; fileRef = C3132E55F67DB1DE30B3FD8B /* PrivacyInfo.xcprivacy */; };
		6BE849E33D2AD29736FAD4A5 /* ClipboardItem.swift in Sources */ = {isa = PBXBuildFile; fileRef = 20CA3956C671F8B5C1FD7E7A /* ClipboardItem.swift */; };
		771C574A63D0D16DEEA041D6 /* ClipboardHistoryPanel.swift in Sources */ = {isa = PBXBuildFile; fileRef = 5965F2EA17225AE772252800 /* ClipboardHistoryPanel.swift */; };
		7CF8080589D6B8D09CA7B494 /* AppDelegate.swift in Sources */ = {isa = PBXBuildFile; fileRef = 984A94B1DD1567F47CCB76A7 /* AppDelegate.swift */; };
		830AD6F4E6562F9B22269490 /* ClipboardMonitor.swift in Sources */ = {isa = PBXBuildFile; fileRef = 17692C8058CA4C2A1B8560CB /* ClipboardMonitor.swift */; };
		89FF5FA3B652E49B3193CB53 /* MenuBarController.swift in Sources */ = {isa = PBXBuildFile; fileRef = E6E3630FD184F30CA1AB6751 /* MenuBarController.swift */; };
		8E137FA90409E7D2EE6D143D /* ShelfView.swift in Sources */ = {isa = PBXBuildFile; fileRef = C44A4C24A904E0FC70DFC2C2 /* ShelfView.swift */; };
		95C0F18E768C69FA5147ECF3 /* ShelfItem.swift in Sources */ = {isa = PBXBuildFile; fileRef = 44FDD7106C941C838847EC7A /* ShelfItem.swift */; };
		A6BE57A3D4C88F2ABC97AF1C /* ThumbnailCache.swift in Sources */ = {isa = PBXBuildFile; fileRef = 8DA47F514AB759B9A4926FA1 /* ThumbnailCache.swift */; };
		A6DACED829B9422B472C0E8F /* SettingsView.swift in Sources */ = {isa = PBXBuildFile; fileRef = C84A8076213D69BE544862B6 /* SettingsView.swift */; };
		AC0891AD791A507144D362AB /* Assets.xcassets in Resources */ = {isa = PBXBuildFile; fileRef = 5A2A82987F58718F6881131C /* Assets.xcassets */; };
		B1E9E1FC8D757F98DC7C7B87 /* DropKitApp.swift in Sources */ = {isa = PBXBuildFile; fileRef = 5EEC229DE839084ADB696709 /* DropKitApp.swift */; };
		C08FD2F76FA34B05F411E72B /* ShelfPanel.swift in Sources */ = {isa = PBXBuildFile; fileRef = F00441888AE62FF9BB4E0B6B /* ShelfPanel.swift */; };
		C0C79249225A62921C5D84E8 /* DragMonitor.swift in Sources */ = {isa = PBXBuildFile; fileRef = A519ACF998BC7304C7A58983 /* DragMonitor.swift */; };
		C5C8081D6E4FA9214BE2C599 /* KeyboardShortcuts in Frameworks */ = {isa = PBXBuildFile; productRef = E36560B156F98CC69EF9025C /* KeyboardShortcuts */; };
		C893980F992E9037A0F306B6 /* DraggableStackView.swift in Sources */ = {isa = PBXBuildFile; fileRef = A633B2707E26E6476E7F0696 /* DraggableStackView.swift */; };
		CE814BDEF9B57C722B45754E /* AppPickerView.swift in Sources */ = {isa = PBXBuildFile; fileRef = 94F1C72DBEE4A6C9A096F0C0 /* AppPickerView.swift */; };
		D0A8D5038B0477210ED0046A /* DropKitTests.swift in Sources */ = {isa = PBXBuildFile; fileRef = A7004D6682C39FC89EB7148B /* DropKitTests.swift */; };
		DAC81290E30B71F92EE032F9 /* ClipboardHistoryView.swift in Sources */ = {isa = PBXBuildFile; fileRef = D6EDD5D2152DFF4CDE093CCF /* ClipboardHistoryView.swift */; };
		E94E5E69A449E212E8240891 /* FolderMonitor.swift in Sources */ = {isa = PBXBuildFile; fileRef = 7ACF52594F00114E720399B7 /* FolderMonitor.swift */; };
		FA4D571EB5406BA943E4742D /* AppState.swift in Sources */ = {isa = PBXBuildFile; fileRef = 27E1BD61D5A812E68EC0A3F3 /* AppState.swift */; };
/* End PBXBuildFile section */

/* Begin PBXContainerItemProxy section */
		1B02C4058812344E3300EB27 /* PBXContainerItemProxy */ = {
			isa = PBXContainerItemProxy;
			containerPortal = 765F12911C5D9C1387227431 /* Project object */;
			proxyType = 1;
			remoteGlobalIDString = E0EE4F4E64275EE72239E5C9;
			remoteInfo = DropKit;
		};
/* End PBXContainerItemProxy section */

/* Begin PBXFileReference section */
		171699667EEE7CF874460560 /* DropKitTests.xctest */ = {isa = PBXFileReference; explicitFileType = wrapper.cfbundle; includeInIndex = 0; path = DropKitTests.xctest; sourceTree = BUILT_PRODUCTS_DIR; };
		17692C8058CA4C2A1B8560CB /* ClipboardMonitor.swift */ = {isa = PBXFileReference; lastKnownFileType = sourcecode.swift; path = ClipboardMonitor.swift; sourceTree = "<group>"; };
		20CA3956C671F8B5C1FD7E7A /* ClipboardItem.swift */ = {isa = PBXFileReference; lastKnownFileType = sourcecode.swift; path = ClipboardItem.swift; sourceTree = "<group>"; };
		235512566F31B0C278F0426F /* ShelfViewModel.swift */ = {isa = PBXFileReference; lastKnownFileType = sourcecode.swift; path = ShelfViewModel.swift; sourceTree = "<group>"; };
		27E1BD61D5A812E68EC0A3F3 /* AppState.swift */ = {isa = PBXFileReference; lastKnownFileType = sourcecode.swift; path = AppState.swift; sourceTree = "<group>"; };
		44FDD7106C941C838847EC7A /* ShelfItem.swift */ = {isa = PBXFileReference; lastKnownFileType = sourcecode.swift; path = ShelfItem.swift; sourceTree = "<group>"; };
		587C7DCB791D94804EA8E753 /* FolderBookmarkStore.swift */ = {isa = PBXFileReference; lastKnownFileType = sourcecode.swift; path = FolderBookmarkStore.swift; sourceTree = "<group>"; };
		5965F2EA17225AE772252800 /* ClipboardHistoryPanel.swift */ = {isa = PBXFileReference; lastKnownFileType = sourcecode.swift; path = ClipboardHistoryPanel.swift; sourceTree = "<group>"; };
		5A2A82987F58718F6881131C /* Assets.xcassets */ = {isa = PBXFileReference; lastKnownFileType = folder.assetcatalog; path = Assets.xcassets; sourceTree = "<group>"; };
		5C43643D0D2D156EFDDE6808 /* KeyboardShortcutNames.swift */ = {isa = PBXFileReference; lastKnownFileType = sourcecode.swift; path = KeyboardShortcutNames.swift; sourceTree = "<group>"; };
		5EEC229DE839084ADB696709 /* DropKitApp.swift */ = {isa = PBXFileReference; lastKnownFileType = sourcecode.swift; path = DropKitApp.swift; sourceTree = "<group>"; };
		65068F7956E17086F9DE05F1 /* DropKit.app */ = {isa = PBXFileReference; explicitFileType = wrapper.application; includeInIndex = 0; path = DropKit.app; sourceTree = BUILT_PRODUCTS_DIR; };
		7ACF52594F00114E720399B7 /* FolderMonitor.swift */ = {isa = PBXFileReference; lastKnownFileType = sourcecode.swift; path = FolderMonitor.swift; sourceTree = "<group>"; };
		8DA47F514AB759B9A4926FA1 /* ThumbnailCache.swift */ = {isa = PBXFileReference; lastKnownFileType = sourcecode.swift; path = ThumbnailCache.swift; sourceTree = "<group>"; };
		93236182EE82152F26D6A646 /* AppSettings.swift */ = {isa = PBXFileReference; lastKnownFileType = sourcecode.swift; path = AppSettings.swift; sourceTree = "<group>"; };
		94F1C72DBEE4A6C9A096F0C0 /* AppPickerView.swift */ = {isa = PBXFileReference; lastKnownFileType = sourcecode.swift; path = AppPickerView.swift; sourceTree = "<group>"; };
		984A94B1DD1567F47CCB76A7 /* AppDelegate.swift */ = {isa = PBXFileReference; lastKnownFileType = sourcecode.swift; path = AppDelegate.swift; sourceTree = "<group>"; };
		9EDA4B4D81A0ED80CA247906 /* Info.plist */ = {isa = PBXFileReference; lastKnownFileType = text.plist; path = Info.plist; sourceTree = "<group>"; };
		A519ACF998BC7304C7A58983 /* DragMonitor.swift */ = {isa = PBXFileReference; lastKnownFileType = sourcecode.swift; path = DragMonitor.swift; sourceTree = "<group>"; };
		A633B2707E26E6476E7F0696 /* DraggableStackView.swift */ = {isa = PBXFileReference; lastKnownFileType = sourcecode.swift; path = DraggableStackView.swift; sourceTree = "<group>"; };
		A7004D6682C39FC89EB7148B /* DropKitTests.swift */ = {isa = PBXFileReference; lastKnownFileType = sourcecode.swift; path = DropKitTests.swift; sourceTree = "<group>"; };
		C3132E55F67DB1DE30B3FD8B /* PrivacyInfo.xcprivacy */ = {isa = PBXFileReference; path = PrivacyInfo.xcprivacy; sourceTree = "<group>"; };
		C44A4C24A904E0FC70DFC2C2 /* ShelfView.swift */ = {isa = PBXFileReference; lastKnownFileType = sourcecode.swift; path = ShelfView.swift; sourceTree = "<group>"; };
		C84A8076213D69BE544862B6 /* SettingsView.swift */ = {isa = PBXFileReference; lastKnownFileType = sourcecode.swift; path = SettingsView.swift; sourceTree = "<group>"; };
		D122D4B3DB99ACD2A0EAB3E7 /* ShakeDetector.swift */ = {isa = PBXFileReference; lastKnownFileType = sourcecode.swift; path = ShakeDetector.swift; sourceTree = "<group>"; };
		D6EDD5D2152DFF4CDE093CCF /* ClipboardHistoryView.swift */ = {isa = PBXFileReference; lastKnownFileType = sourcecode.swift; path = ClipboardHistoryView.swift; sourceTree = "<group>"; };
		E251CAA34023A49B39C6440A /* DropKit.entitlements */ = {isa = PBXFileReference; lastKnownFileType = text.plist.entitlements; path = DropKit.entitlements; sourceTree = "<group>"; };
		E6E3630FD184F30CA1AB6751 /* MenuBarController.swift */ = {isa = PBXFileReference; lastKnownFileType = sourcecode.swift; path = MenuBarController.swift; sourceTree = "<group>"; };
		F00441888AE62FF9BB4E0B6B /* ShelfPanel.swift */ = {isa = PBXFileReference; lastKnownFileType = sourcecode.swift; path = ShelfPanel.swift; sourceTree = "<group>"; };
		F60C94C7AFA978E8C515594E /* ShelfDropView.swift */ = {isa = PBXFileReference; lastKnownFileType = sourcecode.swift; path = ShelfDropView.swift; sourceTree = "<group>"; };
/* End PBXFileReference section */

/* Begin PBXFrameworksBuildPhase section */
		AE9818CC78459B01620A89E8 /* Frameworks */ = {
			isa = PBXFrameworksBuildPhase;
			buildActionMask = 2147483647;
			files = (
				C5C8081D6E4FA9214BE2C599 /* KeyboardShortcuts in Frameworks */,
			);
			runOnlyForDeploymentPostprocessing = 0;
		};
/* End PBXFrameworksBuildPhase section */

/* Begin PBXGroup section */
		19EFC3C6A478D177F9F7FEA8 /* Resources */ = {
			isa = PBXGroup;
			children = (
				5A2A82987F58718F6881131C /* Assets.xcassets */,
				C3132E55F67DB1DE30B3FD8B /* PrivacyInfo.xcprivacy */,
			);
			path = Resources;
			sourceTree = "<group>";
		};
		1A4DFADDC3CC8F580B6F13F9 /* App */ = {
			isa = PBXGroup;
			children = (
				984A94B1DD1567F47CCB76A7 /* AppDelegate.swift */,
				27E1BD61D5A812E68EC0A3F3 /* AppState.swift */,
				5EEC229DE839084ADB696709 /* DropKitApp.swift */,
			);
			path = App;
			sourceTree = "<group>";
		};
		22BDFAE86355F9473C343000 /* Shelf */ = {
			isa = PBXGroup;
			children = (
				A633B2707E26E6476E7F0696 /* DraggableStackView.swift */,
				F60C94C7AFA978E8C515594E /* ShelfDropView.swift */,
				44FDD7106C941C838847EC7A /* ShelfItem.swift */,
				F00441888AE62FF9BB4E0B6B /* ShelfPanel.swift */,
				C44A4C24A904E0FC70DFC2C2 /* ShelfView.swift */,
				235512566F31B0C278F0426F /* ShelfViewModel.swift */,
			);
			path = Shelf;
			sourceTree = "<group>";
		};
		37CB26508878D7AF0CC50605 /* Clipboard */ = {
			isa = PBXGroup;
			children = (
				5965F2EA17225AE772252800 /* ClipboardHistoryPanel.swift */,
				D6EDD5D2152DFF4CDE093CCF /* ClipboardHistoryView.swift */,
				20CA3956C671F8B5C1FD7E7A /* ClipboardItem.swift */,
			);
			path = Clipboard;
			sourceTree = "<group>";
		};
		3DBBB908C3E3255B3EE0FEF8 /* Sources */ = {
			isa = PBXGroup;
			children = (
				E251CAA34023A49B39C6440A /* DropKit.entitlements */,
				9EDA4B4D81A0ED80CA247906 /* Info.plist */,
				1A4DFADDC3CC8F580B6F13F9 /* App */,
				7B599B1F7692E031A9C27F42 /* Features */,
				486F7A146DA0ACFFB978785E /* Models */,
				FDECD4D9217645A2BB4F6F25 /* Services */,
				DB4E0E9AE917BF0DD477C9C5 /* Utilities */,
			);
			path = Sources;
			sourceTree = "<group>";
		};
		3F2054B63A2CE711E38C0343 /* MenuBar */ = {
			isa = PBXGroup;
			children = (
				E6E3630FD184F30CA1AB6751 /* MenuBarController.swift */,
			);
			path = MenuBar;
			sourceTree = "<group>";
		};
		486F7A146DA0ACFFB978785E /* Models */ = {
			isa = PBXGroup;
			children = (
				93236182EE82152F26D6A646 /* AppSettings.swift */,
			);
			path = Models;
			sourceTree = "<group>";
		};
		535E8D9727E1B80E76ED03CF /* Products */ = {
			isa = PBXGroup;
			children = (
				65068F7956E17086F9DE05F1 /* DropKit.app */,
				171699667EEE7CF874460560 /* DropKitTests.xctest */,
			);
			name = Products;
			sourceTree = "<group>";
		};
		7B599B1F7692E031A9C27F42 /* Features */ = {
			isa = PBXGroup;
			children = (
				37CB26508878D7AF0CC50605 /* Clipboard */,
				3F2054B63A2CE711E38C0343 /* MenuBar */,
				F31F88A7E324E942C58DC30F /* Settings */,
				22BDFAE86355F9473C343000 /* Shelf */,
			);
			path = Features;
			sourceTree = "<group>";
		};
		B9E6BC3A4C4C8C9DA80B5CF6 = {
			isa = PBXGroup;
			children = (
				19EFC3C6A478D177F9F7FEA8 /* Resources */,
				3DBBB908C3E3255B3EE0FEF8 /* Sources */,
				C6124BD17E0409BE95D44605 /* Tests */,
				535E8D9727E1B80E76ED03CF /* Products */,
			);
			sourceTree = "<group>";
		};
		C6124BD17E0409BE95D44605 /* Tests */ = {
			isa = PBXGroup;
			children = (
				A7004D6682C39FC89EB7148B /* DropKitTests.swift */,
			);
			path = Tests;
			sourceTree = "<group>";
		};
		DB4E0E9AE917BF0DD477C9C5 /* Utilities */ = {
			isa = PBXGroup;
			children = (
			);
			path = Utilities;
			sourceTree = "<group>";
		};
		F31F88A7E324E942C58DC30F /* Settings */ = {
			isa = PBXGroup;
			children = (
				94F1C72DBEE4A6C9A096F0C0 /* AppPickerView.swift */,
				5C43643D0D2D156EFDDE6808 /* KeyboardShortcutNames.swift */,
				C84A8076213D69BE544862B6 /* SettingsView.swift */,
			);
			path = Settings;
			sourceTree = "<group>";
		};
		FDECD4D9217645A2BB4F6F25 /* Services */ = {
			isa = PBXGroup;
			children = (
				17692C8058CA4C2A1B8560CB /* ClipboardMonitor.swift */,
				A519ACF998BC7304C7A58983 /* DragMonitor.swift */,
				587C7DCB791D94804EA8E753 /* FolderBookmarkStore.swift */,
				7ACF52594F00114E720399B7 /* FolderMonitor.swift */,
				D122D4B3DB99ACD2A0EAB3E7 /* ShakeDetector.swift */,
				8DA47F514AB759B9A4926FA1 /* ThumbnailCache.swift */,
			);
			path = Services;
			sourceTree = "<group>";
		};
/* End PBXGroup section */

/* Begin PBXNativeTarget section */
		3B4DF3E10E001A4D98344C81 /* DropKitTests */ = {
			isa = PBXNativeTarget;
			buildConfigurationList = 09A1D435548E80D48DFC4A3E /* Build configuration list for PBXNativeTarget "DropKitTests" */;
			buildPhases = (
				1B545E4B3549AB4AF84DED1F /* Sources */,
			);
			buildRules = (
			);
			dependencies = (
				28A6638A97137D9583CB1C2F /* PBXTargetDependency */,
			);
			name = DropKitTests;
			packageProductDependencies = (
			);
			productName = DropKitTests;
			productReference = 171699667EEE7CF874460560 /* DropKitTests.xctest */;
			productType = "com.apple.product-type.bundle.unit-test";
		};
		E0EE4F4E64275EE72239E5C9 /* DropKit */ = {
			isa = PBXNativeTarget;
			buildConfigurationList = B58C0F8CB0C108B398838EC6 /* Build configuration list for PBXNativeTarget "DropKit" */;
			buildPhases = (
				6D3734715F38B15D956730AA /* Sources */,
				D0123CA6AFC328EE839E608D /* Resources */,
				AE9818CC78459B01620A89E8 /* Frameworks */,
			);
			buildRules = (
			);
			dependencies = (
			);
			name = DropKit;
			packageProductDependencies = (
				E36560B156F98CC69EF9025C /* KeyboardShortcuts */,
			);
			productName = DropKit;
			productReference = 65068F7956E17086F9DE05F1 /* DropKit.app */;
			productType = "com.apple.product-type.application";
		};
/* End PBXNativeTarget section */

/* Begin PBXProject section */
		765F12911C5D9C1387227431 /* Project object */ = {
			isa = PBXProject;
			attributes = {
				BuildIndependentTargetsInParallel = YES;
				LastUpgradeCheck = 1500;
				TargetAttributes = {
					E0EE4F4E64275EE72239E5C9 = {
						ProvisioningStyle = Automatic;
					};
				};
			};
			buildConfigurationList = F1AEA0FBAC820C6F66C3AFB1 /* Build configuration list for PBXProject "DropKit" */;
			compatibilityVersion = "Xcode 14.0";
			developmentRegion = en;
			hasScannedForEncodings = 0;
			knownRegions = (
				Base,
				en,
			);
			mainGroup = B9E6BC3A4C4C8C9DA80B5CF6;
			minimizedProjectReferenceProxies = 1;
			packageReferences = (
				93667F95664577CFC2F72DBE /* XCRemoteSwiftPackageReference "KeyboardShortcuts" */,
			);
			preferredProjectObjectVersion = 77;
			projectDirPath = "";
			projectRoot = "";
			targets = (
				E0EE4F4E64275EE72239E5C9 /* DropKit */,
				3B4DF3E10E001A4D98344C81 /* DropKitTests */,
			);
		};
/* End PBXProject section */

/* Begin PBXResourcesBuildPhase section */
		D0123CA6AFC328EE839E608D /* Resources */ = {
			isa = PBXResourcesBuildPhase;
			buildActionMask = 2147483647;
			files = (
				AC0891AD791A507144D362AB /* Assets.xcassets in Resources */,
				5FDC4EEA7E5CF48CE7C1970D /* PrivacyInfo.xcprivacy in Resources */,
			);
			runOnlyForDeploymentPostprocessing = 0;
		};
/* End PBXResourcesBuildPhase section */

/* Begin PBXSourcesBuildPhase section */
		1B545E4B3549AB4AF84DED1F /* Sources */ = {
			isa = PBXSourcesBuildPhase;
			buildActionMask = 2147483647;
			files = (
				D0A8D5038B0477210ED0046A /* DropKitTests.swift in Sources */,
			);
			runOnlyForDeploymentPostprocessing = 0;
		};
		6D3734715F38B15D956730AA /* Sources */ = {
			isa = PBXSourcesBuildPhase;
			buildActionMask = 2147483647;
			files = (
				7CF8080589D6B8D09CA7B494 /* AppDelegate.swift in Sources */,
				CE814BDEF9B57C722B45754E /* AppPickerView.swift in Sources */,
				3FBD74030017DAF23086F0A5 /* AppSettings.swift in Sources */,
				FA4D571EB5406BA943E4742D /* AppState.swift in Sources */,
				771C574A63D0D16DEEA041D6 /* ClipboardHistoryPanel.swift in Sources */,
				DAC81290E30B71F92EE032F9 /* ClipboardHistoryView.swift in Sources */,
				6BE849E33D2AD29736FAD4A5 /* ClipboardItem.swift in Sources */,
				830AD6F4E6562F9B22269490 /* ClipboardMonitor.swift in Sources */,
				C0C79249225A62921C5D84E8 /* DragMonitor.swift in Sources */,
				C893980F992E9037A0F306B6 /* DraggableStackView.swift in Sources */,
				B1E9E1FC8D757F98DC7C7B87 /* DropKitApp.swift in Sources */,
				3D62F2F65F71E38FAAF22D45 /* FolderBookmarkStore.swift in Sources */,
				E94E5E69A449E212E8240891 /* FolderMonitor.swift in Sources */,
				3D99C7CB712C55AC39B0A6CD /* KeyboardShortcutNames.swift in Sources */,
				89FF5FA3B652E49B3193CB53 /* MenuBarController.swift in Sources */,
				A6DACED829B9422B472C0E8F /* SettingsView.swift in Sources */,
				2181271BAFC16D9EA4EEB26F /* ShakeDetector.swift in Sources */,
				4178A03FE0566562722ED8DF /* ShelfDropView.swift in Sources */,
				95C0F18E768C69FA5147ECF3 /* ShelfItem.swift in Sources */,
				C08FD2F76FA34B05F411E72B /* ShelfPanel.swift in Sources */,
				8E137FA90409E7D2EE6D143D /* ShelfView.swift in Sources */,
				47B6B61BA7B8F30ABFAC3C3E /* ShelfViewModel.swift in Sources */,
				A6BE57A3D4C88F2ABC97AF1C /* ThumbnailCache.swift in Sources */,
			);
			runOnlyForDeploymentPostprocessing = 0;
		};
/* End PBXSourcesBuildPhase section */

/* Begin PBXTargetDependency section */
		28A6638A97137D9583CB1C2F /* PBXTargetDependency */ = {
			isa = PBXTargetDependency;
			target = E0EE4F4E64275EE72239E5C9 /* DropKit */;
			targetProxy = 1B02C4058812344E3300EB27 /* PBXContainerItemProxy */;
		};
/* End PBXTargetDependency section */

/* Begin XCBuildConfiguration section */
		8458708DFF61379C70B18793 /* Release */ = {
			isa = XCBuildConfiguration;
			buildSettings = {
				BUNDLE_LOADER = "$(TEST_HOST)";
				COMBINE_HIDPI_IMAGES = YES;
				GENERATE_INFOPLIST_FILE = YES;
				LD_RUNPATH_SEARCH_PATHS = (
					"$(inherited)",
					"@executable_path/../Frameworks",
					"@loader_path/../Frameworks",
				);
				PRODUCT_BUNDLE_IDENTIFIER = com.dropkit.DropKit.tests;
				SDKROOT = macosx;
				TEST_HOST = "$(BUILT_PRODUCTS_DIR)/DropKit.app/Contents/MacOS/DropKit";
			};
			name = Release;
		};
		A2F37D6FB1D4714245671352 /* Debug */ = {
			isa = XCBuildConfiguration;
			buildSettings = {
				BUNDLE_LOADER = "$(TEST_HOST)";
				COMBINE_HIDPI_IMAGES = YES;
				GENERATE_INFOPLIST_FILE = YES;
				LD_RUNPATH_SEARCH_PATHS = (
					"$(inherited)",
					"@executable_path/../Frameworks",
					"@loader_path/../Frameworks",
				);
				PRODUCT_BUNDLE_IDENTIFIER = com.dropkit.DropKit.tests;
				SDKROOT = macosx;
				TEST_HOST = "$(BUILT_PRODUCTS_DIR)/DropKit.app/Contents/MacOS/DropKit";
			};
			name = Debug;
		};
		AA3F72AD7E97051C308DFE56 /* Debug */ = {
			isa = XCBuildConfiguration;
			buildSettings = {
				ALWAYS_SEARCH_USER_PATHS = NO;
				CLANG_ANALYZER_NONNULL = YES;
				CLANG_ANALYZER_NUMBER_OBJECT_CONVERSION = YES_AGGRESSIVE;
				CLANG_CXX_LANGUAGE_STANDARD = "gnu++14";
				CLANG_CXX_LIBRARY = "libc++";
				CLANG_ENABLE_MODULES = YES;
				CLANG_ENABLE_OBJC_ARC = YES;
				CLANG_ENABLE_OBJC_WEAK = YES;
				CLANG_WARN_BLOCK_CAPTURE_AUTORELEASING = YES;
				CLANG_WARN_BOOL_CONVERSION = YES;
				CLANG_WARN_COMMA = YES;
				CLANG_WARN_CONSTANT_CONVERSION = YES;
				CLANG_WARN_DEPRECATED_OBJC_IMPLEMENTATIONS = YES;
				CLANG_WARN_DIRECT_OBJC_ISA_USAGE = YES_ERROR;
				CLANG_WARN_DOCUMENTATION_COMMENTS = YES;
				CLANG_WARN_EMPTY_BODY = YES;
				CLANG_WARN_ENUM_CONVERSION = YES;
				CLANG_WARN_INFINITE_RECURSION = YES;
				CLANG_WARN_INT_CONVERSION = YES;
				CLANG_WARN_NON_LITERAL_NULL_CONVERSION = YES;
				CLANG_WARN_OBJC_IMPLICIT_RETAIN_SELF = YES;
				CLANG_WARN_OBJC_LITERAL_CONVERSION = YES;
				CLANG_WARN_OBJC_ROOT_CLASS = YES_ERROR;
				CLANG_WARN_QUOTED_INCLUDE_IN_FRAMEWORK_HEADER = YES;
				CLANG_WARN_RANGE_LOOP_ANALYSIS = YES;
				CLANG_WARN_STRICT_PROTOTYPES = YES;
				CLANG_WARN_SUSPICIOUS_MOVE = YES;
				CLANG_WARN_UNGUARDED_AVAILABILITY = YES_AGGRESSIVE;
				CLANG_WARN_UNREACHABLE_CODE = YES;
				CLANG_WARN__DUPLICATE_METHOD_MATCH = YES;
				COPY_PHASE_STRIP = NO;
				CURRENT_PROJECT_VERSION = 1.0.7;
				DEBUG_INFORMATION_FORMAT = dwarf;
				ENABLE_STRICT_OBJC_MSGSEND = YES;
				ENABLE_TESTABILITY = YES;
				GCC_C_LANGUAGE_STANDARD = gnu11;
				GCC_DYNAMIC_NO_PIC = NO;
				GCC_NO_COMMON_BLOCKS = YES;
				GCC_OPTIMIZATION_LEVEL = 0;
				GCC_PREPROCESSOR_DEFINITIONS = (
					"$(inherited)",
					"DEBUG=1",
				);
				GCC_WARN_64_TO_32_BIT_CONVERSION = YES;
				GCC_WARN_ABOUT_RETURN_TYPE = YES_ERROR;
				GCC_WARN_UNDECLARED_SELECTOR = YES;
				GCC_WARN_UNINITIALIZED_AUTOS = YES_AGGRESSIVE;
				GCC_WARN_UNUSED_FUNCTION = YES;
				GCC_WARN_UNUSED_VARIABLE = YES;
				MACOSX_DEPLOYMENT_TARGET = 14.0;
				MARKETING_VERSION = 1.0.6;
				MTL_ENABLE_DEBUG_INFO = INCLUDE_SOURCE;
				MTL_FAST_MATH = YES;
				ONLY_ACTIVE_ARCH = YES;
				PRODUCT_NAME = "$(TARGET_NAME)";
				SDKROOT = macosx;
				SWIFT_ACTIVE_COMPILATION_CONDITIONS = DEBUG;
				SWIFT_OPTIMIZATION_LEVEL = "-Onone";
				SWIFT_VERSION = 5.9;
			};
			name = Debug;
		};
		ADA192A43AA25EAA0C286599 /* Release */ = {
			isa = XCBuildConfiguration;
			buildSettings = {
				ALWAYS_SEARCH_USER_PATHS = NO;
				CLANG_ANALYZER_NONNULL = YES;
				CLANG_ANALYZER_NUMBER_OBJECT_CONVERSION = YES_AGGRESSIVE;
				CLANG_CXX_LANGUAGE_STANDARD = "gnu++14";
				CLANG_CXX_LIBRARY = "libc++";
				CLANG_ENABLE_MODULES = YES;
				CLANG_ENABLE_OBJC_ARC = YES;
				CLANG_ENABLE_OBJC_WEAK = YES;
				CLANG_WARN_BLOCK_CAPTURE_AUTORELEASING = YES;
				CLANG_WARN_BOOL_CONVERSION = YES;
				CLANG_WARN_COMMA = YES;
				CLANG_WARN_CONSTANT_CONVERSION = YES;
				CLANG_WARN_DEPRECATED_OBJC_IMPLEMENTATIONS = YES;
				CLANG_WARN_DIRECT_OBJC_ISA_USAGE = YES_ERROR;
				CLANG_WARN_DOCUMENTATION_COMMENTS = YES;
				CLANG_WARN_EMPTY_BODY = YES;
				CLANG_WARN_ENUM_CONVERSION = YES;
				CLANG_WARN_INFINITE_RECURSION = YES;
				CLANG_WARN_INT_CONVERSION = YES;
				CLANG_WARN_NON_LITERAL_NULL_CONVERSION = YES;
				CLANG_WARN_OBJC_IMPLICIT_RETAIN_SELF = YES;
				CLANG_WARN_OBJC_LITERAL_CONVERSION = YES;
				CLANG_WARN_OBJC_ROOT_CLASS = YES_ERROR;
				CLANG_WARN_QUOTED_INCLUDE_IN_FRAMEWORK_HEADER = YES;
				CLANG_WARN_RANGE_LOOP_ANALYSIS = YES;
				CLANG_WARN_STRICT_PROTOTYPES = YES;
				CLANG_WARN_SUSPICIOUS_MOVE = YES;
				CLANG_WARN_UNGUARDED_AVAILABILITY = YES_AGGRESSIVE;
				CLANG_WARN_UNREACHABLE_CODE = YES;
				CLANG_WARN__DUPLICATE_METHOD_MATCH = YES;
				COPY_PHASE_STRIP = NO;
				CURRENT_PROJECT_VERSION = 1.0.7;
				DEBUG_INFORMATION_FORMAT = "dwarf-with-dsym";
				ENABLE_NS_ASSERTIONS = NO;
				ENABLE_STRICT_OBJC_MSGSEND = YES;
				GCC_C_LANGUAGE_STANDARD = gnu11;
				GCC_NO_COMMON_BLOCKS = YES;
				GCC_WARN_64_TO_32_BIT_CONVERSION = YES;
				GCC_WARN_ABOUT_RETURN_TYPE = YES_ERROR;
				GCC_WARN_UNDECLARED_SELECTOR = YES;
				GCC_WARN_UNINITIALIZED_AUTOS = YES_AGGRESSIVE;
				GCC_WARN_UNUSED_FUNCTION = YES;
				GCC_WARN_UNUSED_VARIABLE = YES;
				MACOSX_DEPLOYMENT_TARGET = 14.0;
				MARKETING_VERSION = 1.0.6;
				MTL_ENABLE_DEBUG_INFO = NO;
				MTL_FAST_MATH = YES;
				PRODUCT_NAME = "$(TARGET_NAME)";
				SDKROOT = macosx;
				SWIFT_COMPILATION_MODE = wholemodule;
				SWIFT_OPTIMIZATION_LEVEL = "-O";
				SWIFT_VERSION = 5.9;
			};
			name = Release;
		};
		BCD0F6F2A5921C98AA8B013B /* Debug */ = {
			isa = XCBuildConfiguration;
			buildSettings = {
				ASSETCATALOG_COMPILER_APPICON_NAME = AppIcon;
				CODE_SIGN_ENTITLEMENTS = Sources/DropKit.entitlements;
				CODE_SIGN_STYLE = Automatic;
				COMBINE_HIDPI_IMAGES = YES;
				DEBUG_INFORMATION_FORMAT = "dwarf-with-dsym";
				ENABLE_APP_SANDBOX = YES;
				INFOPLIST_FILE = Sources/Info.plist;
				LD_RUNPATH_SEARCH_PATHS = (
					"$(inherited)",
					"@executable_path/../Frameworks",
				);
				PRODUCT_BUNDLE_IDENTIFIER = com.dropkit.DropKit;
				PRODUCT_NAME = DropKit;
				SDKROOT = macosx;
				SWIFT_OPTIMIZATION_LEVEL = "-Onone";
			};
			name = Debug;
		};
		CEFCF448D198BF95A88B5E84 /* Release */ = {
			isa = XCBuildConfiguration;
			buildSettings = {
				ASSETCATALOG_COMPILER_APPICON_NAME = AppIcon;
				CODE_SIGN_ENTITLEMENTS = Sources/DropKit.entitlements;
				CODE_SIGN_STYLE = Automatic;
				COMBINE_HIDPI_IMAGES = YES;
				ENABLE_APP_SANDBOX = YES;
				INFOPLIST_FILE = Sources/Info.plist;
				LD_RUNPATH_SEARCH_PATHS = (
					"$(inherited)",
					"@executable_path/../Frameworks",
				);
				PRODUCT_BUNDLE_IDENTIFIER = com.dropkit.DropKit;
				PRODUCT_NAME = DropKit;
				SDKROOT = macosx;
				SWIFT_OPTIMIZATION_LEVEL = "-Osize";
			};
			name = Release;
		};
/* End XCBuildConfiguration section */

/* Begin XCConfigurationList section */
		09A1D435548E80D48DFC4A3E /* Build configuration list for PBXNativeTarget "DropKitTests" */ = {
			isa = XCConfigurationList;
			buildConfigurations = (
				A2F37D6FB1D4714245671352 /* Debug */,
				8458708DFF61379C70B18793 /* Release */,
			);
			defaultConfigurationIsVisible = 0;
			defaultConfigurationName = Debug;
		};
		B58C0F8CB0C108B398838EC6 /* Build configuration list for PBXNativeTarget "DropKit" */ = {
			isa = XCConfigurationList;
			buildConfigurations = (
				BCD0F6F2A5921C98AA8B013B /* Debug */,
				CEFCF448D198BF95A88B5E84 /* Release */,
			);
			defaultConfigurationIsVisible = 0;
			defaultConfigurationName = Debug;
		};
		F1AEA0FBAC820C6F66C3AFB1 /* Build configuration list for PBXProject "DropKit" */ = {
			isa = XCConfigurationList;
			buildConfigurations = (
				AA3F72AD7E97051C308DFE56 /* Debug */,
				ADA192A43AA25EAA0C286599 /* Release */,
			);
			defaultConfigurationIsVisible = 0;
			defaultConfigurationName = Debug;
		};
/* End XCConfigurationList section */

/* Begin XCRemoteSwiftPackageReference section */
		93667F95664577CFC2F72DBE /* XCRemoteSwiftPackageReference "KeyboardShortcuts" */ = {
			isa = XCRemoteSwiftPackageReference;
			repositoryURL = "https://github.com/sindresorhus/KeyboardShortcuts";
			requirement = {
				kind = upToNextMajorVersion;
				minimumVersion = 2.4.0;
			};
		};
/* End XCRemoteSwiftPackageReference section */

/* Begin XCSwiftPackageProductDependency section */
		E36560B156F98CC69EF9025C /* KeyboardShortcuts */ = {
			isa = XCSwiftPackageProductDependency;
			package = 93667F95664577CFC2F72DBE /* XCRemoteSwiftPackageReference "KeyboardShortcuts" */;
			productName = KeyboardShortcuts;
		};
/* End XCSwiftPackageProductDependency section */
	};
	rootObject = 765F12911C5D9C1387227431 /* Project object */;
}
